// !$*UTF8*$!
{
	archiveVersion = 1;
	classes = {
	};
	objectVersion = 56;
	objects = {

/* Begin PBXBuildFile section */
		BE8159BC2C2C956300171B87 /* QuestionAppApp.swift in Sources */ = {isa = PBXBuildFile; fileRef = BE8159BB2C2C956300171B87 /* QuestionAppApp.swift */; };
		BE8159BE2C2C956300171B87 /* ContentView.swift in Sources */ = {isa = PBXBuildFile; fileRef = BE8159BD2C2C956300171B87 /* ContentView.swift */; };
		BE8159C02C2C956500171B87 /* Assets.xcassets in Resources */ = {isa = PBXBuildFile; fileRef = BE8159BF2C2C956500171B87 /* Assets.xcassets */; };
		BE8159C42C2C956500171B87 /* Preview Assets.xcassets in Resources */ = {isa = PBXBuildFile; fileRef = BE8159C32C2C956500171B87 /* Preview Assets.xcassets */; };
		BE8159CE2C2C956500171B87 /* QuestionAppTests.swift in Sources */ = {isa = PBXBuildFile; fileRef = BE8159CD2C2C956500171B87 /* QuestionAppTests.swift */; };
		BE8159D82C2C956600171B87 /* QuestionAppUITests.swift in Sources */ = {isa = PBXBuildFile; fileRef = BE8159D72C2C956600171B87 /* QuestionAppUITests.swift */; };
		BE8159DA2C2C956600171B87 /* QuestionAppUITestsLaunchTests.swift in Sources */ = {isa = PBXBuildFile; fileRef = BE8159D92C2C956600171B87 /* QuestionAppUITestsLaunchTests.swift */; };
/* End PBXBuildFile section */

/* Begin PBXContainerItemProxy section */
		BE8159CA2C2C956500171B87 /* PBXContainerItemProxy */ = {
			isa = PBXContainerItemProxy;
			containerPortal = BE8159B02C2C956300171B87 /* Project object */;
			proxyType = 1;
			remoteGlobalIDString = BE8159B72C2C956300171B87;
			remoteInfo = QuestionApp;
		};
		BE8159D42C2C956500171B87 /* PBXContainerItemProxy */ = {
			isa = PBXContainerItemProxy;
			containerPortal = BE8159B02C2C956300171B87 /* Project object */;
			proxyType = 1;
			remoteGlobalIDString = BE8159B72C2C956300171B87;
			remoteInfo = QuestionApp;
		};
/* End PBXContainerItemProxy section */

/* Begin PBXFileReference section */
		BE8159B82C2C956300171B87 /* QuestionApp.app */ = {isa = PBXFileReference; explicitFileType = wrapper.application; includeInIndex = 0; path = QuestionApp.app; sourceTree = BUILT_PRODUCTS_DIR; };
		BE8159BB2C2C956300171B87 /* QuestionAppApp.swift */ = {isa = PBXFileReference; lastKnownFileType = sourcecode.swift; path = QuestionAppApp.swift; sourceTree = "<group>"; };
		BE8159BD2C2C956300171B87 /* ContentView.swift */ = {isa = PBXFileReference; lastKnownFileType = sourcecode.swift; path = ContentView.swift; sourceTree = "<group>"; };
		BE8159BF2C2C956500171B87 /* Assets.xcassets */ = {isa = PBXFileReference; lastKnownFileType = folder.assetcatalog; path = Assets.xcassets; sourceTree = "<group>"; };
		BE8159C12C2C956500171B87 /* QuestionApp.entitlements */ = {isa = PBXFileReference; lastKnownFileType = text.plist.entitlements; path = QuestionApp.entitlements; sourceTree = "<group>"; };
		BE8159C32C2C956500171B87 /* Preview Assets.xcassets */ = {isa = PBXFileReference; lastKnownFileType = folder.assetcatalog; path = "Preview Assets.xcassets"; sourceTree = "<group>"; };
		BE8159C92C2C956500171B87 /* QuestionAppTests.xctest */ = {isa = PBXFileReference; explicitFileType = wrapper.cfbundle; includeInIndex = 0; path = QuestionAppTests.xctest; sourceTree = BUILT_PRODUCTS_DIR; };
		BE8159CD2C2C956500171B87 /* QuestionAppTests.swift */ = {isa = PBXFileReference; lastKnownFileType = sourcecode.swift; path = QuestionAppTests.swift; sourceTree = "<group>"; };
		BE8159D32C2C956500171B87 /* QuestionAppUITests.xctest */ = {isa = PBXFileReference; explicitFileType = wrapper.cfbundle; includeInIndex = 0; path = QuestionAppUITests.xctest; sourceTree = BUILT_PRODUCTS_DIR; };
		BE8159D72C2C956600171B87 /* QuestionAppUITests.swift */ = {isa = PBXFileReference; lastKnownFileType = sourcecode.swift; path = QuestionAppUITests.swift; sourceTree = "<group>"; };
		BE8159D92C2C956600171B87 /* QuestionAppUITestsLaunchTests.swift */ = {isa = PBXFileReference; lastKnownFileType = sourcecode.swift; path = QuestionAppUITestsLaunchTests.swift; sourceTree = "<group>"; };
/* End PBXFileReference section */

/* Begin PBXFrameworksBuildPhase section */
		BE8159B52C2C956300171B87 /* Frameworks */ = {
			isa = PBXFrameworksBuildPhase;
			buildActionMask = 2147483647;
			files = (
			);
			runOnlyForDeploymentPostprocessing = 0;
		};
		BE8159C62C2C956500171B87 /* Frameworks */ = {
			isa = PBXFrameworksBuildPhase;
			buildActionMask = 2147483647;
			files = (
			);
			runOnlyForDeploymentPostprocessing = 0;
		};
		BE8159D02C2C956500171B87 /* Frameworks */ = {
			isa = PBXFrameworksBuildPhase;
			buildActionMask = 2147483647;
			files = (
			);
			runOnlyForDeploymentPostprocessing = 0;
		};
/* End PBXFrameworksBuildPhase section */

/* Begin PBXGroup section */
		BE8159AF2C2C956300171B87 = {
			isa = PBXGroup;
			children = (
				BE8159BA2C2C956300171B87 /* QuestionApp */,
				BE8159CC2C2C956500171B87 /* QuestionAppTests */,
				BE8159D62C2C956500171B87 /* QuestionAppUITests */,
				BE8159B92C2C956300171B87 /* Products */,
			);
			sourceTree = "<group>";
		};
		BE8159B92C2C956300171B87 /* Products */ = {
			isa = PBXGroup;
			children = (
				BE8159B82C2C956300171B87 /* QuestionApp.app */,
				BE8159C92C2C956500171B87 /* QuestionAppTests.xctest */,
				BE8159D32C2C956500171B87 /* QuestionAppUITests.xctest */,
			);
			name = Products;
			sourceTree = "<group>";
		};
		BE8159BA2C2C956300171B87 /* QuestionApp */ = {
			isa = PBXGroup;
			children = (
				BE8159BB2C2C956300171B87 /* QuestionAppApp.swift */,
				BE8159BD2C2C956300171B87 /* ContentView.swift */,
				BE8159BF2C2C956500171B87 /* Assets.xcassets */,
				BE8159C12C2C956500171B87 /* QuestionApp.entitlements */,
				BE8159C22C2C956500171B87 /* Preview Content */,
			);
			path = QuestionApp;
			sourceTree = "<group>";
		};
		BE8159C22C2C956500171B87 /* Preview Content */ = {
			isa = PBXGroup;
			children = (
				BE8159C32C2C956500171B87 /* Preview Assets.xcassets */,
			);
			path = "Preview Content";
			sourceTree = "<group>";
		};
		BE8159CC2C2C956500171B87 /* QuestionAppTests */ = {
			isa = PBXGroup;
			children = (
				BE8159CD2C2C956500171B87 /* QuestionAppTests.swift */,
			);
			path = QuestionAppTests;
			sourceTree = "<group>";
		};
		BE8159D62C2C956500171B87 /* QuestionAppUITests */ = {
			isa = PBXGroup;
			children = (
				BE8159D72C2C956600171B87 /* QuestionAppUITests.swift */,
				BE8159D92C2C956600171B87 /* QuestionAppUITestsLaunchTests.swift */,
			);
			path = QuestionAppUITests;
			sourceTree = "<group>";
		};
/* End PBXGroup section */

/* Begin PBXNativeTarget section */
		BE8159B72C2C956300171B87 /* QuestionApp */ = {
			isa = PBXNativeTarget;
			buildConfigurationList = BE8159DD2C2C956600171B87 /* Build configuration list for PBXNativeTarget "QuestionApp" */;
			buildPhases = (
				BE8159B42C2C956300171B87 /* Sources */,
				BE8159B52C2C956300171B87 /* Frameworks */,
				BE8159B62C2C956300171B87 /* Resources */,
			);
			buildRules = (
			);
			dependencies = (
			);
			name = QuestionApp;
			productName = QuestionApp;
			productReference = BE8159B82C2C956300171B87 /* QuestionApp.app */;
			productType = "com.apple.product-type.application";
		};
		BE8159C82C2C956500171B87 /* QuestionAppTests */ = {
			isa = PBXNativeTarget;
			buildConfigurationList = BE8159E02C2C956600171B87 /* Build configuration list for PBXNativeTarget "QuestionAppTests" */;
			buildPhases = (
				BE8159C52C2C956500171B87 /* Sources */,
				BE8159C62C2C956500171B87 /* Frameworks */,
				BE8159C72C2C956500171B87 /* Resources */,
			);
			buildRules = (
			);
			dependencies = (
				BE8159CB2C2C956500171B87 /* PBXTargetDependency */,
			);
			name = QuestionAppTests;
			productName = QuestionAppTests;
			productReference = BE8159C92C2C956500171B87 /* QuestionAppTests.xctest */;
			productType = "com.apple.product-type.bundle.unit-test";
		};
		BE8159D22C2C956500171B87 /* QuestionAppUITests */ = {
			isa = PBXNativeTarget;
			buildConfigurationList = BE8159E32C2C956600171B87 /* Build configuration list for PBXNativeTarget "QuestionAppUITests" */;
			buildPhases = (
				BE8159CF2C2C956500171B87 /* Sources */,
				BE8159D02C2C956500171B87 /* Frameworks */,
				BE8159D12C2C956500171B87 /* Resources */,
			);
			buildRules = (
			);
			dependencies = (
				BE8159D52C2C956500171B87 /* PBXTargetDependency */,
			);
			name = QuestionAppUITests;
			productName = QuestionAppUITests;
			productReference = BE8159D32C2C956500171B87 /* QuestionAppUITests.xctest */;
			productType = "com.apple.product-type.bundle.ui-testing";
		};
/* End PBXNativeTarget section */

/* Begin PBXProject section */
		BE8159B02C2C956300171B87 /* Project object */ = {
			isa = PBXProject;
			attributes = {
				BuildIndependentTargetsInParallel = 1;
				LastSwiftUpdateCheck = 1540;
				LastUpgradeCheck = 1540;
				TargetAttributes = {
					BE8159B72C2C956300171B87 = {
						CreatedOnToolsVersion = 15.4;
					};
					BE8159C82C2C956500171B87 = {
						CreatedOnToolsVersion = 15.4;
						TestTargetID = BE8159B72C2C956300171B87;
					};
					BE8159D22C2C956500171B87 = {
						CreatedOnToolsVersion = 15.4;
						TestTargetID = BE8159B72C2C956300171B87;
					};
				};
			};
			buildConfigurationList = BE8159B32C2C956300171B87 /* Build configuration list for PBXProject "QuestionApp" */;
			compatibilityVersion = "Xcode 14.0";
			developmentRegion = en;
			hasScannedForEncodings = 0;
			knownRegions = (
				en,
				Base,
			);
			mainGroup = BE8159AF2C2C956300171B87;
			productRefGroup = BE8159B92C2C956300171B87 /* Products */;
			projectDirPath = "";
			projectRoot = "";
			targets = (
				BE8159B72C2C956300171B87 /* QuestionApp */,
				BE8159C82C2C956500171B87 /* QuestionAppTests */,
				BE8159D22C2C956500171B87 /* QuestionAppUITests */,
			);
		};
/* End PBXProject section */

/* Begin PBXResourcesBuildPhase section */
		BE8159B62C2C956300171B87 /* Resources */ = {
			isa = PBXResourcesBuildPhase;
			buildActionMask = 2147483647;
			files = (
				BE8159C42C2C956500171B87 /* Preview Assets.xcassets in Resources */,
				BE8159C02C2C956500171B87 /* Assets.xcassets in Resources */,
			);
			runOnlyForDeploymentPostprocessing = 0;
		};
		BE8159C72C2C956500171B87 /* Resources */ = {
			isa = PBXResourcesBuildPhase;
			buildActionMask = 2147483647;
			files = (
			);
			runOnlyForDeploymentPostprocessing = 0;
		};
		BE8159D12C2C956500171B87 /* Resources */ = {
			isa = PBXResourcesBuildPhase;
			buildActionMask = 2147483647;
			files = (
			);
			runOnlyForDeploymentPostprocessing = 0;
		};
/* End PBXResourcesBuildPhase section */

/* Begin PBXSourcesBuildPhase section */
		BE8159B42C2C956300171B87 /* Sources */ = {
			isa = PBXSourcesBuildPhase;
			buildActionMask = 2147483647;
			files = (
				BE8159BE2C2C956300171B87 /* ContentView.swift in Sources */,
				BE8159BC2C2C956300171B87 /* QuestionAppApp.swift in Sources */,
			);
			runOnlyForDeploymentPostprocessing = 0;
		};
		BE8159C52C2C956500171B87 /* Sources */ = {
			isa = PBXSourcesBuildPhase;
			buildActionMask = 2147483647;
			files = (
				BE8159CE2C2C956500171B87 /* QuestionAppTests.swift in Sources */,
			);
			runOnlyForDeploymentPostprocessing = 0;
		};
		BE8159CF2C2C956500171B87 /* Sources */ = {
			isa = PBXSourcesBuildPhase;
			buildActionMask = 2147483647;
			files = (
				BE8159DA2C2C956600171B87 /* QuestionAppUITestsLaunchTests.swift in Sources */,
				BE8159D82C2C956600171B87 /* QuestionAppUITests.swift in Sources */,
			);
			runOnlyForDeploymentPostprocessing = 0;
		};
/* End PBXSourcesBuildPhase section */

/* Begin PBXTargetDependency section */
		BE8159CB2C2C956500171B87 /* PBXTargetDependency */ = {
			isa = PBXTargetDependency;
			target = BE8159B72C2C956300171B87 /* QuestionApp */;
			targetProxy = BE8159CA2C2C956500171B87 /* PBXContainerItemProxy */;
		};
		BE8159D52C2C956500171B87 /* PBXTargetDependency */ = {
			isa = PBXTargetDependency;
			target = BE8159B72C2C956300171B87 /* QuestionApp */;
			targetProxy = BE8159D42C2C956500171B87 /* PBXContainerItemProxy */;
		};
/* End PBXTargetDependency section */

/* Begin XCBuildConfiguration section */
		BE8159DB2C2C956600171B87 /* Debug */ = {
			isa = XCBuildConfiguration;
			buildSettings = {
				ALWAYS_SEARCH_USER_PATHS = NO;
				ASSETCATALOG_COMPILER_GENERATE_SWIFT_ASSET_SYMBOL_EXTENSIONS = YES;
				CLANG_ANALYZER_NONNULL = YES;
				CLANG_ANALYZER_NUMBER_OBJECT_CONVERSION = YES_AGGRESSIVE;
				CLANG_CXX_LANGUAGE_STANDARD = "gnu++20";
				CLANG_ENABLE_MODULES = YES;
				CLANG_ENABLE_OBJC_ARC = YES;
				CLANG_ENABLE_OBJC_WEAK = YES;
				CLANG_WARN_BLOCK_CAPTURE_AUTORELEASING = YES;
				CLANG_WARN_BOOL_CONVERSION = YES;
				CLANG_WARN_COMMA = YES;
				CLANG_WARN_CONSTANT_CONVERSION = YES;
				CLANG_WARN_DEPRECATED_OBJC_IMPLEMENTATIONS = YES;
				CLANG_WARN_DIRECT_OBJC_ISA_USAGE = YES_ERROR;
				CLANG_WARN_DOCUMENTATION_COMMENTS = YES;
				CLANG_WARN_EMPTY_BODY = YES;
				CLANG_WARN_ENUM_CONVERSION = YES;
				CLANG_WARN_INFINITE_RECURSION = YES;
				CLANG_WARN_INT_CONVERSION = YES;
				CLANG_WARN_NON_LITERAL_NULL_CONVERSION = YES;
				CLANG_WARN_OBJC_IMPLICIT_RETAIN_SELF = YES;
				CLANG_WARN_OBJC_LITERAL_CONVERSION = YES;
				CLANG_WARN_OBJC_ROOT_CLASS = YES_ERROR;
				CLANG_WARN_QUOTED_INCLUDE_IN_FRAMEWORK_HEADER = YES;
				CLANG_WARN_RANGE_LOOP_ANALYSIS = YES;
				CLANG_WARN_STRICT_PROTOTYPES = YES;
				CLANG_WARN_SUSPICIOUS_MOVE = YES;
				CLANG_WARN_UNGUARDED_AVAILABILITY = YES_AGGRESSIVE;
				CLANG_WARN_UNREACHABLE_CODE = YES;
				CLANG_WARN__DUPLICATE_METHOD_MATCH = YES;
				COPY_PHASE_STRIP = NO;
				DEBUG_INFORMATION_FORMAT = dwarf;
				ENABLE_STRICT_OBJC_MSGSEND = YES;
				ENABLE_TESTABILITY = YES;
				ENABLE_USER_SCRIPT_SANDBOXING = YES;
				GCC_C_LANGUAGE_STANDARD = gnu17;
				GCC_DYNAMIC_NO_PIC = NO;
				GCC_NO_COMMON_BLOCKS = YES;
				GCC_OPTIMIZATION_LEVEL = 0;
				GCC_PREPROCESSOR_DEFINITIONS = (
					"DEBUG=1",
					"$(inherited)",
				);
				GCC_WARN_64_TO_32_BIT_CONVERSION = YES;
				GCC_WARN_ABOUT_RETURN_TYPE = YES_ERROR;
				GCC_WARN_UNDECLARED_SELECTOR = YES;
				GCC_WARN_UNINITIALIZED_AUTOS = YES_AGGRESSIVE;
				GCC_WARN_UNUSED_FUNCTION = YES;
				GCC_WARN_UNUSED_VARIABLE = YES;
				LOCALIZATION_PREFERS_STRING_CATALOGS = YES;
				MTL_ENABLE_DEBUG_INFO = INCLUDE_SOURCE;
				MTL_FAST_MATH = YES;
				ONLY_ACTIVE_ARCH = YES;
				SWIFT_ACTIVE_COMPILATION_CONDITIONS = "DEBUG $(inherited)";
				SWIFT_OPTIMIZATION_LEVEL = "-Onone";
			};
			name = Debug;
		};
		BE8159DC2C2C956600171B87 /* Release */ = {
			isa = XCBuildConfiguration;
			buildSettings = {
				ALWAYS_SEARCH_USER_PATHS = NO;
				ASSETCATALOG_COMPILER_GENERATE_SWIFT_ASSET_SYMBOL_EXTENSIONS = YES;
				CLANG_ANALYZER_NONNULL = YES;
				CLANG_ANALYZER_NUMBER_OBJECT_CONVERSION = YES_AGGRESSIVE;
				CLANG_CXX_LANGUAGE_STANDARD = "gnu++20";
				CLANG_ENABLE_MODULES = YES;
				CLANG_ENABLE_OBJC_ARC = YES;
				CLANG_ENABLE_OBJC_WEAK = YES;
				CLANG_WARN_BLOCK_CAPTURE_AUTORELEASING = YES;
				CLANG_WARN_BOOL_CONVERSION = YES;
				CLANG_WARN_COMMA = YES;
				CLANG_WARN_CONSTANT_CONVERSION = YES;
				CLANG_WARN_DEPRECATED_OBJC_IMPLEMENTATIONS = YES;
				CLANG_WARN_DIRECT_OBJC_ISA_USAGE = YES_ERROR;
				CLANG_WARN_DOCUMENTATION_COMMENTS = YES;
				CLANG_WARN_EMPTY_BODY = YES;
				CLANG_WARN_ENUM_CONVERSION = YES;
				CLANG_WARN_INFINITE_RECURSION = YES;
				CLANG_WARN_INT_CONVERSION = YES;
				CLANG_WARN_NON_LITERAL_NULL_CONVERSION = YES;
				CLANG_WARN_OBJC_IMPLICIT_RETAIN_SELF = YES;
				CLANG_WARN_OBJC_LITERAL_CONVERSION = YES;
				CLANG_WARN_OBJC_ROOT_CLASS = YES_ERROR;
				CLANG_WARN_QUOTED_INCLUDE_IN_FRAMEWORK_HEADER = YES;
				CLANG_WARN_RANGE_LOOP_ANALYSIS = YES;
				CLANG_WARN_STRICT_PROTOTYPES = YES;
				CLANG_WARN_SUSPICIOUS_MOVE = YES;
				CLANG_WARN_UNGUARDED_AVAILABILITY = YES_AGGRESSIVE;
				CLANG_WARN_UNREACHABLE_CODE = YES;
				CLANG_WARN__DUPLICATE_METHOD_MATCH = YES;
				COPY_PHASE_STRIP = NO;
				DEBUG_INFORMATION_FORMAT = "dwarf-with-dsym";
				ENABLE_NS_ASSERTIONS = NO;
				ENABLE_STRICT_OBJC_MSGSEND = YES;
				ENABLE_USER_SCRIPT_SANDBOXING = YES;
				GCC_C_LANGUAGE_STANDARD = gnu17;
				GCC_NO_COMMON_BLOCKS = YES;
				GCC_WARN_64_TO_32_BIT_CONVERSION = YES;
				GCC_WARN_ABOUT_RETURN_TYPE = YES_ERROR;
				GCC_WARN_UNDECLARED_SELECTOR = YES;
				GCC_WARN_UNINITIALIZED_AUTOS = YES_AGGRESSIVE;
				GCC_WARN_UNUSED_FUNCTION = YES;
				GCC_WARN_UNUSED_VARIABLE = YES;
				LOCALIZATION_PREFERS_STRING_CATALOGS = YES;
				MTL_ENABLE_DEBUG_INFO = NO;
				MTL_FAST_MATH = YES;
				SWIFT_COMPILATION_MODE = wholemodule;
			};
			name = Release;
		};
		BE8159DE2C2C956600171B87 /* Debug */ = {
			isa = XCBuildConfiguration;
			buildSettings = {
				ASSETCATALOG_COMPILER_APPICON_NAME = AppIcon;
				ASSETCATALOG_COMPILER_GLOBAL_ACCENT_COLOR_NAME = AccentColor;
				CODE_SIGN_ENTITLEMENTS = QuestionApp/QuestionApp.entitlements;
				CODE_SIGN_STYLE = Automatic;
				CURRENT_PROJECT_VERSION = 1;
				DEVELOPMENT_ASSET_PATHS = "\"QuestionApp/Preview Content\"";
				ENABLE_PREVIEWS = YES;
				GENERATE_INFOPLIST_FILE = YES;
				"INFOPLIST_KEY_UIApplicationSceneManifest_Generation[sdk=iphoneos*]" = YES;
				"INFOPLIST_KEY_UIApplicationSceneManifest_Generation[sdk=iphonesimulator*]" = YES;
				"INFOPLIST_KEY_UIApplicationSupportsIndirectInputEvents[sdk=iphoneos*]" = YES;
				"INFOPLIST_KEY_UIApplicationSupportsIndirectInputEvents[sdk=iphonesimulator*]" = YES;
				"INFOPLIST_KEY_UILaunchScreen_Generation[sdk=iphoneos*]" = YES;
				"INFOPLIST_KEY_UILaunchScreen_Generation[sdk=iphonesimulator*]" = YES;
				"INFOPLIST_KEY_UIStatusBarStyle[sdk=iphoneos*]" = UIStatusBarStyleDefault;
				"INFOPLIST_KEY_UIStatusBarStyle[sdk=iphonesimulator*]" = UIStatusBarStyleDefault;
				INFOPLIST_KEY_UISupportedInterfaceOrientations_iPad = "UIInterfaceOrientationPortrait UIInterfaceOrientationPortraitUpsideDown UIInterfaceOrientationLandscapeLeft UIInterfaceOrientationLandscapeRight";
				INFOPLIST_KEY_UISupportedInterfaceOrientations_iPhone = "UIInterfaceOrientationPortrait UIInterfaceOrientationLandscapeLeft UIInterfaceOrientationLandscapeRight";
				IPHONEOS_DEPLOYMENT_TARGET = 17.5;
				LD_RUNPATH_SEARCH_PATHS = "@executable_path/Frameworks";
				"LD_RUNPATH_SEARCH_PATHS[sdk=macosx*]" = "@executable_path/../Frameworks";
				MACOSX_DEPLOYMENT_TARGET = 14.4;
				MARKETING_VERSION = 1.0;
				PRODUCT_BUNDLE_IDENTIFIER = kwk.QuestionApp;
				PRODUCT_NAME = "$(TARGET_NAME)";
				SDKROOT = auto;
				SUPPORTED_PLATFORMS = "iphoneos iphonesimulator macosx";
				SWIFT_EMIT_LOC_STRINGS = YES;
				SWIFT_VERSION = 5.0;
				TARGETED_DEVICE_FAMILY = "1,2";
			};
			name = Debug;
		};
		BE8159DF2C2C956600171B87 /* Release */ = {
			isa = XCBuildConfiguration;
			buildSettings = {
				ASSETCATALOG_COMPILER_APPICON_NAME = AppIcon;
				ASSETCATALOG_COMPILER_GLOBAL_ACCENT_COLOR_NAME = AccentColor;
				CODE_SIGN_ENTITLEMENTS = QuestionApp/QuestionApp.entitlements;
				CODE_SIGN_STYLE = Automatic;
				CURRENT_PROJECT_VERSION = 1;
				DEVELOPMENT_ASSET_PATHS = "\"QuestionApp/Preview Content\"";
				ENABLE_PREVIEWS = YES;
				GENERATE_INFOPLIST_FILE = YES;
				"INFOPLIST_KEY_UIApplicationSceneManifest_Generation[sdk=iphoneos*]" = YES;
				"INFOPLIST_KEY_UIApplicationSceneManifest_Generation[sdk=iphonesimulator*]" = YES;
				"INFOPLIST_KEY_UIApplicationSupportsIndirectInputEvents[sdk=iphoneos*]" = YES;
				"INFOPLIST_KEY_UIApplicationSupportsIndirectInputEvents[sdk=iphonesimulator*]" = YES;
				"INFOPLIST_KEY_UILaunchScreen_Generation[sdk=iphoneos*]" = YES;
				"INFOPLIST_KEY_UILaunchScreen_Generation[sdk=iphonesimulator*]" = YES;
				"INFOPLIST_KEY_UIStatusBarStyle[sdk=iphoneos*]" = UIStatusBarStyleDefault;
				"INFOPLIST_KEY_UIStatusBarStyle[sdk=iphonesimulator*]" = UIStatusBarStyleDefault;
				INFOPLIST_KEY_UISupportedInterfaceOrientations_iPad = "UIInterfaceOrientationPortrait UIInterfaceOrientationPortraitUpsideDown UIInterfaceOrientationLandscapeLeft UIInterfaceOrientationLandscapeRight";
				INFOPLIST_KEY_UISupportedInterfaceOrientations_iPhone = "UIInterfaceOrientationPortrait UIInterfaceOrientationLandscapeLeft UIInterfaceOrientationLandscapeRight";
				IPHONEOS_DEPLOYMENT_TARGET = 17.5;
				LD_RUNPATH_SEARCH_PATHS = "@executable_path/Frameworks";
				"LD_RUNPATH_SEARCH_PATHS[sdk=macosx*]" = "@executable_path/../Frameworks";
				MACOSX_DEPLOYMENT_TARGET = 14.4;
				MARKETING_VERSION = 1.0;
				PRODUCT_BUNDLE_IDENTIFIER = kwk.QuestionApp;
				PRODUCT_NAME = "$(TARGET_NAME)";
				SDKROOT = auto;
				SUPPORTED_PLATFORMS = "iphoneos iphonesimulator macosx";
				SWIFT_EMIT_LOC_STRINGS = YES;
				SWIFT_VERSION = 5.0;
				TARGETED_DEVICE_FAMILY = "1,2";
			};
			name = Release;
		};
		BE8159E12C2C956600171B87 /* Debug */ = {
			isa = XCBuildConfiguration;
			buildSettings = {
				ALWAYS_EMBED_SWIFT_STANDARD_LIBRARIES = YES;
				BUNDLE_LOADER = "$(TEST_HOST)";
				CODE_SIGN_STYLE = Automatic;
				CURRENT_PROJECT_VERSION = 1;
				GENERATE_INFOPLIST_FILE = YES;
				IPHONEOS_DEPLOYMENT_TARGET = 17.5;
				MACOSX_DEPLOYMENT_TARGET = 14.4;
				MARKETING_VERSION = 1.0;
				PRODUCT_BUNDLE_IDENTIFIER = kwk.QuestionAppTests;
				PRODUCT_NAME = "$(TARGET_NAME)";
				SDKROOT = auto;
				SUPPORTED_PLATFORMS = "iphoneos iphonesimulator macosx";
				SWIFT_EMIT_LOC_STRINGS = NO;
				SWIFT_VERSION = 5.0;
				TARGETED_DEVICE_FAMILY = "1,2";
				TEST_HOST = "$(BUILT_PRODUCTS_DIR)/QuestionApp.app/$(BUNDLE_EXECUTABLE_FOLDER_PATH)/QuestionApp";
			};
			name = Debug;
		};
		BE8159E22C2C956600171B87 /* Release */ = {
			isa = XCBuildConfiguration;
			buildSettings = {
				ALWAYS_EMBED_SWIFT_STANDARD_LIBRARIES = YES;
				BUNDLE_LOADER = "$(TEST_HOST)";
				CODE_SIGN_STYLE = Automatic;
				CURRENT_PROJECT_VERSION = 1;
				GENERATE_INFOPLIST_FILE = YES;
				IPHONEOS_DEPLOYMENT_TARGET = 17.5;
				MACOSX_DEPLOYMENT_TARGET = 14.4;
				MARKETING_VERSION = 1.0;
				PRODUCT_BUNDLE_IDENTIFIER = kwk.QuestionAppTests;
				PRODUCT_NAME = "$(TARGET_NAME)";
				SDKROOT = auto;
				SUPPORTED_PLATFORMS = "iphoneos iphonesimulator macosx";
				SWIFT_EMIT_LOC_STRINGS = NO;
				SWIFT_VERSION = 5.0;
				TARGETED_DEVICE_FAMILY = "1,2";
				TEST_HOST = "$(BUILT_PRODUCTS_DIR)/QuestionApp.app/$(BUNDLE_EXECUTABLE_FOLDER_PATH)/QuestionApp";
			};
			name = Release;
		};
		BE8159E42C2C956600171B87 /* Debug */ = {
			isa = XCBuildConfiguration;
			buildSettings = {
				ALWAYS_EMBED_SWIFT_STANDARD_LIBRARIES = YES;
				CODE_SIGN_STYLE = Automatic;
				CURRENT_PROJECT_VERSION = 1;
				GENERATE_INFOPLIST_FILE = YES;
				IPHONEOS_DEPLOYMENT_TARGET = 17.5;
				MACOSX_DEPLOYMENT_TARGET = 14.4;
				MARKETING_VERSION = 1.0;
				PRODUCT_BUNDLE_IDENTIFIER = kwk.QuestionAppUITests;
				PRODUCT_NAME = "$(TARGET_NAME)";
				SDKROOT = auto;
				SUPPORTED_PLATFORMS = "iphoneos iphonesimulator macosx";
				SWIFT_EMIT_LOC_STRINGS = NO;
				SWIFT_VERSION = 5.0;
				TARGETED_DEVICE_FAMILY = "1,2";
				TEST_TARGET_NAME = QuestionApp;
			};
			name = Debug;
		};
		BE8159E52C2C956600171B87 /* Release */ = {
			isa = XCBuildConfiguration;
			buildSettings = {
				ALWAYS_EMBED_SWIFT_STANDARD_LIBRARIES = YES;
				CODE_SIGN_STYLE = Automatic;
				CURRENT_PROJECT_VERSION = 1;
				GENERATE_INFOPLIST_FILE = YES;
				IPHONEOS_DEPLOYMENT_TARGET = 17.5;
				MACOSX_DEPLOYMENT_TARGET = 14.4;
				MARKETING_VERSION = 1.0;
				PRODUCT_BUNDLE_IDENTIFIER = kwk.QuestionAppUITests;
				PRODUCT_NAME = "$(TARGET_NAME)";
				SDKROOT = auto;
				SUPPORTED_PLATFORMS = "iphoneos iphonesimulator macosx";
				SWIFT_EMIT_LOC_STRINGS = NO;
				SWIFT_VERSION = 5.0;
				TARGETED_DEVICE_FAMILY = "1,2";
				TEST_TARGET_NAME = QuestionApp;
			};
			name = Release;
		};
/* End XCBuildConfiguration section */

/* Begin XCConfigurationList section */
		BE8159B32C2C956300171B87 /* Build configuration list for PBXProject "QuestionApp" */ = {
			isa = XCConfigurationList;
			buildConfigurations = (
				BE8159DB2C2C956600171B87 /* Debug */,
				BE8159DC2C2C956600171B87 /* Release */,
			);
			defaultConfigurationIsVisible = 0;
			defaultConfigurationName = Release;
		};
		BE8159DD2C2C956600171B87 /* Build configuration list for PBXNativeTarget "QuestionApp" */ = {
			isa = XCConfigurationList;
			buildConfigurations = (
				BE8159DE2C2C956600171B87 /* Debug */,
				BE8159DF2C2C956600171B87 /* Release */,
			);
			defaultConfigurationIsVisible = 0;
			defaultConfigurationName = Release;
		};
		BE8159E02C2C956600171B87 /* Build configuration list for PBXNativeTarget "QuestionAppTests" */ = {
			isa = XCConfigurationList;
			buildConfigurations = (
				BE8159E12C2C956600171B87 /* Debug */,
				BE8159E22C2C956600171B87 /* Release */,
			);
			defaultConfigurationIsVisible = 0;
			defaultConfigurationName = Release;
		};
		BE8159E32C2C956600171B87 /* Build configuration list for PBXNativeTarget "QuestionAppUITests" */ = {
			isa = XCConfigurationList;
			buildConfigurations = (
				BE8159E42C2C956600171B87 /* Debug */,
				BE8159E52C2C956600171B87 /* Release */,
			);
			defaultConfigurationIsVisible = 0;
			defaultConfigurationName = Release;
		};
/* End XCConfigurationList section */
	};
	rootObject = BE8159B02C2C956300171B87 /* Project object */;
}
